
Microsoft Visual Studio Solution File, Format Version 12.00
# Visual Studio 14
VisualStudioVersion = 14.0.24720.0
MinimumVisualStudioVersion = 10.0.40219.1
Project("{FAE04EC0-301F-11D3-BF4B-00C04F79EFBC}") = "MagicBox.CheapestHotel", "MagicBox.CheapestHotel\MagicBox.CheapestHotel.csproj", "{9F24298E-CD90-4AD8-8A7D-89B9CCA0AEE8}"
EndProject
Project("{2150E333-8FDC-42A3-9474-1A3956D46DE8}") = "External Libraries", "External Libraries", "{6F7AE711-5D57-471B-BDA3-EA846E9713DB}"
EndProject
Project("{FAE04EC0-301F-11D3-BF4B-00C04F79EFBC}") = "MagicBox.UWP", "..\..\DataEmpire\MagicBox\MagicBox.UWP\MagicBox.UWP.csproj", "{39340DD2-C472-437E-BC77-66552D89A4A5}"
EndProject
Project("{2150E333-8FDC-42A3-9474-1A3956D46DE8}") = "Tests", "Tests", "{FC0348B4-4F85-469D-BE14-7D5C2E4347CB}"
EndProject
Project("{FAE04EC0-301F-11D3-BF4B-00C04F79EFBC}") = "MagicBox.CheapestHotel.Tests", "MagicBox.CheapestHotel.Tests\MagicBox.CheapestHotel.Tests.csproj", "{BF5F51B6-2EB1-4E20-B311-14E5AA48DFE4}"
EndProject
Project("{FAE04EC0-301F-11D3-BF4B-00C04F79EFBC}") = "MagicBox.UWP.Tests", "..\..\DataEmpire\MagicBox\MagicBox.UWP.Tests\MagicBox.UWP.Tests.csproj", "{3C9F3E94-5C79-4617-A1B7-F81644983AB5}"
EndProject
Global
	GlobalSection(SolutionConfigurationPlatforms) = preSolution
		Debug|Any CPU = Debug|Any CPU
		Debug|ARM = Debug|ARM
		Debug|x64 = Debug|x64
		Debug|x86 = Debug|x86
		Release|Any CPU = Release|Any CPU
		Release|ARM = Release|ARM
		Release|x64 = Release|x64
		Release|x86 = Release|x86
	EndGlobalSection
	GlobalSection(ProjectConfigurationPlatforms) = postSolution
		{9F24298E-CD90-4AD8-8A7D-89B9CCA0AEE8}.Debug|Any CPU.ActiveCfg = Debug|x86
		{9F24298E-CD90-4AD8-8A7D-89B9CCA0AEE8}.Debug|ARM.ActiveCfg = Debug|ARM
		{9F24298E-CD90-4AD8-8A7D-89B9CCA0AEE8}.Debug|ARM.Build.0 = Debug|ARM
		{9F24298E-CD90-4AD8-8A7D-89B9CCA0AEE8}.Debug|ARM.Deploy.0 = Debug|ARM
		{9F24298E-CD90-4AD8-8A7D-89B9CCA0AEE8}.Debug|x64.ActiveCfg = Debug|x64
		{9F24298E-CD90-4AD8-8A7D-89B9CCA0AEE8}.Debug|x64.Build.0 = Debug|x64
		{9F24298E-CD90-4AD8-8A7D-89B9CCA0AEE8}.Debug|x64.Deploy.0 = Debug|x64
		{9F24298E-CD90-4AD8-8A7D-89B9CCA0AEE8}.Debug|x86.ActiveCfg = Debug|x86
		{9F24298E-CD90-4AD8-8A7D-89B9CCA0AEE8}.Debug|x86.Build.0 = Debug|x86
		{9F24298E-CD90-4AD8-8A7D-89B9CCA0AEE8}.Debug|x86.Deploy.0 = Debug|x86
		{9F24298E-CD90-4AD8-8A7D-89B9CCA0AEE8}.Release|Any CPU.ActiveCfg = Release|x86
		{9F24298E-CD90-4AD8-8A7D-89B9CCA0AEE8}.Release|ARM.ActiveCfg = Release|ARM
		{9F24298E-CD90-4AD8-8A7D-89B9CCA0AEE8}.Release|ARM.Build.0 = Release|ARM
		{9F24298E-CD90-4AD8-8A7D-89B9CCA0AEE8}.Release|ARM.Deploy.0 = Release|ARM
		{9F24298E-CD90-4AD8-8A7D-89B9CCA0AEE8}.Release|x64.ActiveCfg = Release|x64
		{9F24298E-CD90-4AD8-8A7D-89B9CCA0AEE8}.Release|x64.Build.0 = Release|x64
		{9F24298E-CD90-4AD8-8A7D-89B9CCA0AEE8}.Release|x64.Deploy.0 = Release|x64
		{9F24298E-CD90-4AD8-8A7D-89B9CCA0AEE8}.Release|x86.ActiveCfg = Release|x86
		{9F24298E-CD90-4AD8-8A7D-89B9CCA0AEE8}.Release|x86.Build.0 = Release|x86
		{9F24298E-CD90-4AD8-8A7D-89B9CCA0AEE8}.Release|x86.Deploy.0 = Release|x86
		{39340DD2-C472-437E-BC77-66552D89A4A5}.Debug|Any CPU.ActiveCfg = Debug|Any CPU
		{39340DD2-C472-437E-BC77-66552D89A4A5}.Debug|Any CPU.Build.0 = Debug|Any CPU
		{39340DD2-C472-437E-BC77-66552D89A4A5}.Debug|ARM.ActiveCfg = Debug|ARM
		{39340DD2-C472-437E-BC77-66552D89A4A5}.Debug|ARM.Build.0 = Debug|ARM
		{39340DD2-C472-437E-BC77-66552D89A4A5}.Debug|x64.ActiveCfg = Debug|x64
		{39340DD2-C472-437E-BC77-66552D89A4A5}.Debug|x64.Build.0 = Debug|x64
		{39340DD2-C472-437E-BC77-66552D89A4A5}.Debug|x86.ActiveCfg = Debug|x86
		{39340DD2-C472-437E-BC77-66552D89A4A5}.Debug|x86.Build.0 = Debug|x86
		{39340DD2-C472-437E-BC77-66552D89A4A5}.Release|Any CPU.ActiveCfg = Release|Any CPU
		{39340DD2-C472-437E-BC77-66552D89A4A5}.Release|Any CPU.Build.0 = Release|Any CPU
		{39340DD2-C472-437E-BC77-66552D89A4A5}.Release|ARM.ActiveCfg = Release|ARM
		{39340DD2-C472-437E-BC77-66552D89A4A5}.Release|ARM.Build.0 = Release|ARM
		{39340DD2-C472-437E-BC77-66552D89A4A5}.Release|x64.ActiveCfg = Release|x64
		{39340DD2-C472-437E-BC77-66552D89A4A5}.Release|x64.Build.0 = Release|x64
		{39340DD2-C472-437E-BC77-66552D89A4A5}.Release|x86.ActiveCfg = Release|x86
		{39340DD2-C472-437E-BC77-66552D89A4A5}.Release|x86.Build.0 = Release|x86
		{BF5F51B6-2EB1-4E20-B311-14E5AA48DFE4}.Debug|Any CPU.ActiveCfg = Debug|x86
		{BF5F51B6-2EB1-4E20-B311-14E5AA48DFE4}.Debug|ARM.ActiveCfg = Debug|ARM
		{BF5F51B6-2EB1-4E20-B311-14E5AA48DFE4}.Debug|ARM.Build.0 = Debug|ARM
		{BF5F51B6-2EB1-4E20-B311-14E5AA48DFE4}.Debug|ARM.Deploy.0 = Debug|ARM
		{BF5F51B6-2EB1-4E20-B311-14E5AA48DFE4}.Debug|x64.ActiveCfg = Debug|x64
		{BF5F51B6-2EB1-4E20-B311-14E5AA48DFE4}.Debug|x64.Build.0 = Debug|x64
		{BF5F51B6-2EB1-4E20-B311-14E5AA48DFE4}.Debug|x64.Deploy.0 = Debug|x64
		{BF5F51B6-2EB1-4E20-B311-14E5AA48DFE4}.Debug|x86.ActiveCfg = Debug|x86
		{BF5F51B6-2EB1-4E20-B311-14E5AA48DFE4}.Debug|x86.Build.0 = Debug|x86
		{BF5F51B6-2EB1-4E20-B311-14E5AA48DFE4}.Debug|x86.Deploy.0 = Debug|x86
		{BF5F51B6-2EB1-4E20-B311-14E5AA48DFE4}.Release|Any CPU.ActiveCfg = Release|x86
		{BF5F51B6-2EB1-4E20-B311-14E5AA48DFE4}.Release|ARM.ActiveCfg = Release|ARM
		{BF5F51B6-2EB1-4E20-B311-14E5AA48DFE4}.Release|ARM.Build.0 = Release|ARM
		{BF5F51B6-2EB1-4E20-B311-14E5AA48DFE4}.Release|ARM.Deploy.0 = Release|ARM
		{BF5F51B6-2EB1-4E20-B311-14E5AA48DFE4}.Release|x64.ActiveCfg = Release|x64
		{BF5F51B6-2EB1-4E20-B311-14E5AA48DFE4}.Release|x64.Build.0 = Release|x64
		{BF5F51B6-2EB1-4E20-B311-14E5AA48DFE4}.Release|x64.Deploy.0 = Release|x64
		{BF5F51B6-2EB1-4E20-B311-14E5AA48DFE4}.Release|x86.ActiveCfg = Release|x86
		{BF5F51B6-2EB1-4E20-B311-14E5AA48DFE4}.Release|x86.Build.0 = Release|x86
		{BF5F51B6-2EB1-4E20-B311-14E5AA48DFE4}.Release|x86.Deploy.0 = Release|x86
		{3C9F3E94-5C79-4617-A1B7-F81644983AB5}.Debug|Any CPU.ActiveCfg = Debug|x86
		{3C9F3E94-5C79-4617-A1B7-F81644983AB5}.Debug|ARM.ActiveCfg = Debug|ARM
		{3C9F3E94-5C79-4617-A1B7-F81644983AB5}.Debug|ARM.Build.0 = Debug|ARM
		{3C9F3E94-5C79-4617-A1B7-F81644983AB5}.Debug|ARM.Deploy.0 = Debug|ARM
		{3C9F3E94-5C79-4617-A1B7-F81644983AB5}.Debug|x64.ActiveCfg = Debug|x64
		{3C9F3E94-5C79-4617-A1B7-F81644983AB5}.Debug|x64.Build.0 = Debug|x64
		{3C9F3E94-5C79-4617-A1B7-F81644983AB5}.Debug|x64.Deploy.0 = Debug|x64
		{3C9F3E94-5C79-4617-A1B7-F81644983AB5}.Debug|x86.ActiveCfg = Debug|x86
		{3C9F3E94-5C79-4617-A1B7-F81644983AB5}.Debug|x86.Build.0 = Debug|x86
		{3C9F3E94-5C79-4617-A1B7-F81644983AB5}.Debug|x86.Deploy.0 = Debug|x86
		{3C9F3E94-5C79-4617-A1B7-F81644983AB5}.Release|Any CPU.ActiveCfg = Release|x86
		{3C9F3E94-5C79-4617-A1B7-F81644983AB5}.Release|ARM.ActiveCfg = Release|ARM
		{3C9F3E94-5C79-4617-A1B7-F81644983AB5}.Release|ARM.Build.0 = Release|ARM
		{3C9F3E94-5C79-4617-A1B7-F81644983AB5}.Release|ARM.Deploy.0 = Release|ARM
		{3C9F3E94-5C79-4617-A1B7-F81644983AB5}.Release|x64.ActiveCfg = Release|x64
		{3C9F3E94-5C79-4617-A1B7-F81644983AB5}.Release|x64.Build.0 = Release|x64
		{3C9F3E94-5C79-4617-A1B7-F81644983AB5}.Release|x64.Deploy.0 = Release|x64
		{3C9F3E94-5C79-4617-A1B7-F81644983AB5}.Release|x86.ActiveCfg = Release|x86
		{3C9F3E94-5C79-4617-A1B7-F81644983AB5}.Release|x86.Build.0 = Release|x86
		{3C9F3E94-5C79-4617-A1B7-F81644983AB5}.Release|x86.Deploy.0 = Release|x86
	EndGlobalSection
	GlobalSection(SolutionProperties) = preSolution
		HideSolutionNode = FALSE
	EndGlobalSection
	GlobalSection(NestedProjects) = preSolution
		{39340DD2-C472-437E-BC77-66552D89A4A5} = {6F7AE711-5D57-471B-BDA3-EA846E9713DB}
		{BF5F51B6-2EB1-4E20-B311-14E5AA48DFE4} = {FC0348B4-4F85-469D-BE14-7D5C2E4347CB}
		{3C9F3E94-5C79-4617-A1B7-F81644983AB5} = {6F7AE711-5D57-471B-BDA3-EA846E9713DB}
	EndGlobalSection
EndGlobal
